
Microsoft Visual Studio Solution File, Format Version 12.00
# Visual Studio Version 16
VisualStudioVersion = 16.0.32407.337
MinimumVisualStudioVersion = 10.0.40219.1
Project("{FAE04EC0-301F-11D3-BF4B-00C04F79EFBC}") = "RoleBasedAuthentication", "RoleBasedAuthentication.csproj", "{B7FC9746-C503-4E26-A703-1363D1030811}"
EndProject
Global
	GlobalSection(SolutionConfigurationPlatforms) = preSolution
		Debug|Any CPU = Debug|Any CPU
		Release|Any CPU = Release|Any CPU
	EndGlobalSection
	GlobalSection(ProjectConfigurationPlatforms) = postSolution
		{B7FC9746-C503-4E26-A703-1363D1030811}.Debug|Any CPU.ActiveCfg = Debug|Any CPU
		{B7FC9746-C503-4E26-A703-1363D1030811}.Debug|Any CPU.Build.0 = Debug|Any CPU
		{B7FC9746-C503-4E26-A703-1363D1030811}.Release|Any CPU.ActiveCfg = Release|Any CPU
		{B7FC9746-C503-4E26-A703-1363D1030811}.Release|Any CPU.Build.0 = Release|Any CPU
	EndGlobalSection
	GlobalSection(SolutionProperties) = preSolution
		HideSolutionNode = FALSE
	EndGlobalSection
	GlobalSection(ExtensibilityGlobals) = postSolution
		SolutionGuid = {1A78692F-AA2C-4D1F-90CB-67C8C3C3BFD8}
	EndGlobalSection
EndGlobal
